// !$*UTF8*$!
{
	archiveVersion = 1;
	classes = {
	};
	objectVersion = 46;
	objects = {

/* Begin PBXBuildFile section */
		2171BC591661B25A007B4825 /* UIKit.framework in Frameworks */ = {isa = PBXBuildFile; fileRef = 2171BC581661B25A007B4825 /* UIKit.framework */; };
		2171BC5B1661B25A007B4825 /* Foundation.framework in Frameworks */ = {isa = PBXBuildFile; fileRef = 2171BC5A1661B25A007B4825 /* Foundation.framework */; };
		2171BC5D1661B25A007B4825 /* CoreGraphics.framework in Frameworks */ = {isa = PBXBuildFile; fileRef = 2171BC5C1661B25A007B4825 /* CoreGraphics.framework */; };
		2171BC631661B25A007B4825 /* InfoPlist.strings in Resources */ = {isa = PBXBuildFile; fileRef = 2171BC611661B25A007B4825 /* InfoPlist.strings */; };
		2171BC651661B25A007B4825 /* main.m in Sources */ = {isa = PBXBuildFile; fileRef = 2171BC641661B25A007B4825 /* main.m */; };
		2171BC691661B25A007B4825 /* AppDelegate.m in Sources */ = {isa = PBXBuildFile; fileRef = 2171BC681661B25A007B4825 /* AppDelegate.m */; };
		2171BC701661B275007B4825 /* OpenGLES.framework in Frameworks */ = {isa = PBXBuildFile; fileRef = 2171BC6F1661B275007B4825 /* OpenGLES.framework */; };
		2171BC721661B27E007B4825 /* QuartzCore.framework in Frameworks */ = {isa = PBXBuildFile; fileRef = 2171BC711661B27E007B4825 /* QuartzCore.framework */; };
		2171BC741661B297007B4825 /* MainWindow.xib in Resources */ = {isa = PBXBuildFile; fileRef = 2171BC731661B297007B4825 /* MainWindow.xib */; };
		2171BC771661B2FA007B4825 /* OpenGLView.m in Sources */ = {isa = PBXBuildFile; fileRef = 2171BC761661B2FA007B4825 /* OpenGLView.m */; };
		2171BC7E1661B64A007B4825 /* GLESUtils.m in Sources */ = {isa = PBXBuildFile; fileRef = 2171BC7D1661B64A007B4825 /* GLESUtils.m */; };
		2171BC811661C260007B4825 /* VertexShader.glsl in Resources */ = {isa = PBXBuildFile; fileRef = 2171BC7F1661BB4D007B4825 /* VertexShader.glsl */; };
		2171BC821661C260007B4825 /* FragmentShader.glsl in Resources */ = {isa = PBXBuildFile; fileRef = 2171BC801661BB65007B4825 /* FragmentShader.glsl */; };
/* End PBXBuildFile section */

/* Begin PBXFileReference section */
		2171BC541661B25A007B4825 /* Tutorial02.app */ = {isa = PBXFileReference; explicitFileType = wrapper.application; includeInIndex = 0; path = Tutorial02.app; sourceTree = BUILT_PRODUCTS_DIR; };
		2171BC581661B25A007B4825 /* UIKit.framework */ = {isa = PBXFileReference; lastKnownFileType = wrapper.framework; name = UIKit.framework; path = System/Library/Frameworks/UIKit.framework; sourceTree = SDKROOT; };
		2171BC5A1661B25A007B4825 /* Foundation.framework */ = {isa = PBXFileReference; lastKnownFileType = wrapper.framework; name = Foundation.framework; path = System/Library/Frameworks/Foundation.framework; sourceTree = SDKROOT; };
		2171BC5C1661B25A007B4825 /* CoreGraphics.framework */ = {isa = PBXFileReference; lastKnownFileType = wrapper.framework; name = CoreGraphics.framework; path = System/Library/Frameworks/CoreGraphics.framework; sourceTree = SDKROOT; };
		2171BC601661B25A007B4825 /* Tutorial02-Info.plist */ = {isa = PBXFileReference; lastKnownFileType = text.plist.xml; path = "Tutorial02-Info.plist"; sourceTree = "<group>"; };
		2171BC621661B25A007B4825 /* en */ = {isa = PBXFileReference; lastKnownFileType = text.plist.strings; name = en; path = en.lproj/InfoPlist.strings; sourceTree = "<group>"; };
		2171BC641661B25A007B4825 /* main.m */ = {isa = PBXFileReference; lastKnownFileType = sourcecode.c.objc; path = main.m; sourceTree = "<group>"; };
		2171BC661661B25A007B4825 /* Tutorial02-Prefix.pch */ = {isa = PBXFileReference; lastKnownFileType = sourcecode.c.h; path = "Tutorial02-Prefix.pch"; sourceTree = "<group>"; };
		2171BC671661B25A007B4825 /* AppDelegate.h */ = {isa = PBXFileReference; lastKnownFileType = sourcecode.c.h; path = AppDelegate.h; sourceTree = "<group>"; };
		2171BC681661B25A007B4825 /* AppDelegate.m */ = {isa = PBXFileReference; lastKnownFileType = sourcecode.c.objc; path = AppDelegate.m; sourceTree = "<group>"; };
		2171BC6F1661B275007B4825 /* OpenGLES.framework */ = {isa = PBXFileReference; lastKnownFileType = wrapper.framework; name = OpenGLES.framework; path = System/Library/Frameworks/OpenGLES.framework; sourceTree = SDKROOT; };
		2171BC711661B27E007B4825 /* QuartzCore.framework */ = {isa = PBXFileReference; lastKnownFileType = wrapper.framework; name = QuartzCore.framework; path = System/Library/Frameworks/QuartzCore.framework; sourceTree = SDKROOT; };
		2171BC731661B297007B4825 /* MainWindow.xib */ = {isa = PBXFileReference; fileEncoding = 4; lastKnownFileType = file.xib; path = MainWindow.xib; sourceTree = "<group>"; };
		2171BC751661B2FA007B4825 /* OpenGLView.h */ = {isa = PBXFileReference; fileEncoding = 4; lastKnownFileType = sourcecode.c.h; path = OpenGLView.h; sourceTree = "<group>"; };
		2171BC761661B2FA007B4825 /* OpenGLView.m */ = {isa = PBXFileReference; fileEncoding = 4; lastKnownFileType = sourcecode.c.objc; path = OpenGLView.m; sourceTree = "<group>"; };
		2171BC7C1661B64A007B4825 /* GLESUtils.h */ = {isa = PBXFileReference; fileEncoding = 4; lastKnownFileType = sourcecode.c.h; path = GLESUtils.h; sourceTree = "<group>"; };
		2171BC7D1661B64A007B4825 /* GLESUtils.m */ = {isa = PBXFileReference; fileEncoding = 4; lastKnownFileType = sourcecode.c.objc; path = GLESUtils.m; sourceTree = "<group>"; };
		2171BC7F1661BB4D007B4825 /* VertexShader.glsl */ = {isa = PBXFileReference; lastKnownFileType = text; path = VertexShader.glsl; sourceTree = "<group>"; xcLanguageSpecificationIdentifier = xcode.lang.glsl; };
		2171BC801661BB65007B4825 /* FragmentShader.glsl */ = {isa = PBXFileReference; lastKnownFileType = text; path = FragmentShader.glsl; sourceTree = "<group>"; xcLanguageSpecificationIdentifier = xcode.lang.glsl; };
/* End PBXFileReference section */

/* Begin PBXFrameworksBuildPhase section */
		2171BC511661B25A007B4825 /* Frameworks */ = {
			isa = PBXFrameworksBuildPhase;
			buildActionMask = 2147483647;
			files = (
				2171BC721661B27E007B4825 /* QuartzCore.framework in Frameworks */,
				2171BC701661B275007B4825 /* OpenGLES.framework in Frameworks */,
				2171BC591661B25A007B4825 /* UIKit.framework in Frameworks */,
				2171BC5B1661B25A007B4825 /* Foundation.framework in Frameworks */,
				2171BC5D1661B25A007B4825 /* CoreGraphics.framework in Frameworks */,
			);
			runOnlyForDeploymentPostprocessing = 0;
		};
/* End PBXFrameworksBuildPhase section */

/* Begin PBXGroup section */
		2171BC491661B25A007B4825 = {
			isa = PBXGroup;
			children = (
				2171BC5E1661B25A007B4825 /* Tutorial02 */,
				2171BC571661B25A007B4825 /* Frameworks */,
				2171BC551661B25A007B4825 /* Products */,
			);
			sourceTree = "<group>";
		};
		2171BC551661B25A007B4825 /* Products */ = {
			isa = PBXGroup;
			children = (
				2171BC541661B25A007B4825 /* Tutorial02.app */,
			);
			name = Products;
			sourceTree = "<group>";
		};
		2171BC571661B25A007B4825 /* Frameworks */ = {
			isa = PBXGroup;
			children = (
				2171BC711661B27E007B4825 /* QuartzCore.framework */,
				2171BC6F1661B275007B4825 /* OpenGLES.framework */,
				2171BC581661B25A007B4825 /* UIKit.framework */,
				2171BC5A1661B25A007B4825 /* Foundation.framework */,
				2171BC5C1661B25A007B4825 /* CoreGraphics.framework */,
			);
			name = Frameworks;
			sourceTree = "<group>";
		};
		2171BC5E1661B25A007B4825 /* Tutorial02 */ = {
			isa = PBXGroup;
			children = (
				2171BC671661B25A007B4825 /* AppDelegate.h */,
				2171BC681661B25A007B4825 /* AppDelegate.m */,
				2171BC751661B2FA007B4825 /* OpenGLView.h */,
				2171BC761661B2FA007B4825 /* OpenGLView.m */,
				2171BC7C1661B64A007B4825 /* GLESUtils.h */,
				2171BC7D1661B64A007B4825 /* GLESUtils.m */,
				2171BC5F1661B25A007B4825 /* Supporting Files */,
			);
			path = Tutorial02;
			sourceTree = "<group>";
		};
		2171BC5F1661B25A007B4825 /* Supporting Files */ = {
			isa = PBXGroup;
			children = (
				2171BC731661B297007B4825 /* MainWindow.xib */,
				2171BC7F1661BB4D007B4825 /* VertexShader.glsl */,
				2171BC801661BB65007B4825 /* FragmentShader.glsl */,
				2171BC601661B25A007B4825 /* Tutorial02-Info.plist */,
				2171BC611661B25A007B4825 /* InfoPlist.strings */,
				2171BC641661B25A007B4825 /* main.m */,
				2171BC661661B25A007B4825 /* Tutorial02-Prefix.pch */,
			);
			name = "Supporting Files";
			sourceTree = "<group>";
		};
/* End PBXGroup section */

/* Begin PBXNativeTarget section */
		2171BC531661B25A007B4825 /* Tutorial02 */ = {
			isa = PBXNativeTarget;
			buildConfigurationList = 2171BC6C1661B25A007B4825 /* Build configuration list for PBXNativeTarget "Tutorial02" */;
			buildPhases = (
				2171BC501661B25A007B4825 /* Sources */,
				2171BC511661B25A007B4825 /* Frameworks */,
				2171BC521661B25A007B4825 /* Resources */,
			);
			buildRules = (
			);
			dependencies = (
			);
			name = Tutorial02;
			productName = Tutorial02;
			productReference = 2171BC541661B25A007B4825 /* Tutorial02.app */;
			productType = "com.apple.product-type.application";
		};
/* End PBXNativeTarget section */

/* Begin PBXProject section */
		2171BC4B1661B25A007B4825 /* Project object */ = {
			isa = PBXProject;
			attributes = {
				LastUpgradeCheck = 0420;
			};
			buildConfigurationList = 2171BC4E1661B25A007B4825 /* Build configuration list for PBXProject "Tutorial02" */;
			compatibilityVersion = "Xcode 3.2";
			developmentRegion = English;
			hasScannedForEncodings = 0;
			knownRegions = (
				en,
			);
			mainGroup = 2171BC491661B25A007B4825;
			productRefGroup = 2171BC551661B25A007B4825 /* Products */;
			projectDirPath = "";
			projectRoot = "";
			targets = (
				2171BC531661B25A007B4825 /* Tutorial02 */,
			);
		};
/* End PBXProject section */

/* Begin PBXResourcesBuildPhase section */
		2171BC521661B25A007B4825 /* Resources */ = {
			isa = PBXResourcesBuildPhase;
			buildActionMask = 2147483647;
			files = (
				2171BC811661C260007B4825 /* VertexShader.glsl in Resources */,
				2171BC821661C260007B4825 /* FragmentShader.glsl in Resources */,
				2171BC631661B25A007B4825 /* InfoPlist.strings in Resources */,
				2171BC741661B297007B4825 /* MainWindow.xib in Resources */,
			);
			runOnlyForDeploymentPostprocessing = 0;
		};
/* End PBXResourcesBuildPhase section */

/* Begin PBXSourcesBuildPhase section */
		2171BC501661B25A007B4825 /* Sources */ = {
			isa = PBXSourcesBuildPhase;
			buildActionMask = 2147483647;
			files = (
				2171BC651661B25A007B4825 /* main.m in Sources */,
				2171BC691661B25A007B4825 /* AppDelegate.m in Sources */,
				2171BC771661B2FA007B4825 /* OpenGLView.m in Sources */,
				2171BC7E1661B64A007B4825 /* GLESUtils.m in Sources */,
			);
			runOnlyForDeploymentPostprocessing = 0;
		};
/* End PBXSourcesBuildPhase section */

/* Begin PBXVariantGroup section */
		2171BC611661B25A007B4825 /* InfoPlist.strings */ = {
			isa = PBXVariantGroup;
			children = (
				2171BC621661B25A007B4825 /* en */,
			);
			name = InfoPlist.strings;
			sourceTree = "<group>";
		};
/* End PBXVariantGroup section */

/* Begin XCBuildConfiguration section */
		2171BC6A1661B25A007B4825 /* Debug */ = {
			isa = XCBuildConfiguration;
			buildSettings = {
				ALWAYS_SEARCH_USER_PATHS = NO;
				ARCHS = "$(ARCHS_STANDARD_32_BIT)";
				CLANG_ENABLE_OBJC_ARC = YES;
				"CODE_SIGN_IDENTITY[sdk=iphoneos*]" = "iPhone Developer";
				COPY_PHASE_STRIP = NO;
				GCC_C_LANGUAGE_STANDARD = gnu99;
				GCC_DYNAMIC_NO_PIC = NO;
				GCC_OPTIMIZATION_LEVEL = 0;
				GCC_PREPROCESSOR_DEFINITIONS = (
					"DEBUG=1",
					"$(inherited)",
				);
				GCC_SYMBOLS_PRIVATE_EXTERN = NO;
				GCC_VERSION = com.apple.compilers.llvm.clang.1_0;
				GCC_WARN_ABOUT_MISSING_PROTOTYPES = YES;
				GCC_WARN_ABOUT_RETURN_TYPE = YES;
				GCC_WARN_UNUSED_VARIABLE = YES;
				IPHONEOS_DEPLOYMENT_TARGET = 5.0;
				SDKROOT = iphoneos;
			};
			name = Debug;
		};
		2171BC6B1661B25A007B4825 /* Release */ = {
			isa = XCBuildConfiguration;
			buildSettings = {
				ALWAYS_SEARCH_USER_PATHS = NO;
				ARCHS = "$(ARCHS_STANDARD_32_BIT)";
				CLANG_ENABLE_OBJC_ARC = YES;
				"CODE_SIGN_IDENTITY[sdk=iphoneos*]" = "iPhone Developer";
				COPY_PHASE_STRIP = YES;
				GCC_C_LANGUAGE_STANDARD = gnu99;
				GCC_VERSION = com.apple.compilers.llvm.clang.1_0;
				GCC_WARN_ABOUT_MISSING_PROTOTYPES = YES;
				GCC_WARN_ABOUT_RETURN_TYPE = YES;
				GCC_WARN_UNUSED_VARIABLE = YES;
				IPHONEOS_DEPLOYMENT_TARGET = 5.0;
				OTHER_CFLAGS = "-DNS_BLOCK_ASSERTIONS=1";
				SDKROOT = iphoneos;
				VALIDATE_PRODUCT = YES;
			};
			name = Release;
		};
		2171BC6D1661B25A007B4825 /* Debug */ = {
			isa = XCBuildConfiguration;
			buildSettings = {
				GCC_PRECOMPILE_PREFIX_HEADER = YES;
				GCC_PREFIX_HEADER = "Tutorial02/Tutorial02-Prefix.pch";
				INFOPLIST_FILE = "Tutorial02/Tutorial02-Info.plist";
				PRODUCT_NAME = "$(TARGET_NAME)";
				WRAPPER_EXTENSION = app;
			};
			name = Debug;
		};
		2171BC6E1661B25A007B4825 /* Release */ = {
			isa = XCBuildConfiguration;
			buildSettings = {
				GCC_PRECOMPILE_PREFIX_HEADER = YES;
				GCC_PREFIX_HEADER = "Tutorial02/Tutorial02-Prefix.pch";
				INFOPLIST_FILE = "Tutorial02/Tutorial02-Info.plist";
				PRODUCT_NAME = "$(TARGET_NAME)";
				WRAPPER_EXTENSION = app;
			};
			name = Release;
		};
/* End XCBuildConfiguration section */

/* Begin XCConfigurationList section */
		2171BC4E1661B25A007B4825 /* Build configuration list for PBXProject "Tutorial02" */ = {
			isa = XCConfigurationList;
			buildConfigurations = (
				2171BC6A1661B25A007B4825 /* Debug */,
				2171BC6B1661B25A007B4825 /* Release */,
			);
			defaultConfigurationIsVisible = 0;
			defaultConfigurationName = Release;
		};
		2171BC6C1661B25A007B4825 /* Build configuration list for PBXNativeTarget "Tutorial02" */ = {
			isa = XCConfigurationList;
			buildConfigurations = (
				2171BC6D1661B25A007B4825 /* Debug */,
				2171BC6E1661B25A007B4825 /* Release */,
			);
			defaultConfigurationIsVisible = 0;
		};
/* End XCConfigurationList section */
	};
	rootObject = 2171BC4B1661B25A007B4825 /* Project object */;
}
